
Microsoft Visual Studio Solution File, Format Version 12.00
# Visual Studio 14
VisualStudioVersion = 14.0.23107.0
MinimumVisualStudioVersion = 10.0.40219.1
Project("{FAE04EC0-301F-11D3-BF4B-00C04F79EFBC}") = "Irci", "Irci\Irci.csproj", "{237164A2-0290-45D5-AB1B-1E029D8BD84A}"
EndProject
Global
	GlobalSection(SolutionConfigurationPlatforms) = preSolution
		Debug|Any CPU = Debug|Any CPU
		Release|Any CPU = Release|Any CPU
	EndGlobalSection
	GlobalSection(ProjectConfigurationPlatforms) = postSolution
		{237164A2-0290-45D5-AB1B-1E029D8BD84A}.Debug|Any CPU.ActiveCfg = Debug|Any CPU
		{237164A2-0290-45D5-AB1B-1E029D8BD84A}.Debug|Any CPU.Build.0 = Debug|Any CPU
		{237164A2-0290-45D5-AB1B-1E029D8BD84A}.Release|Any CPU.ActiveCfg = Release|Any CPU
		{237164A2-0290-45D5-AB1B-1E029D8BD84A}.Release|Any CPU.Build.0 = Release|Any CPU
	EndGlobalSection
	GlobalSection(SolutionProperties) = preSolution
		HideSolutionNode = FALSE
	EndGlobalSection
EndGlobal
